
Microsoft Visual Studio Solution File, Format Version 12.00
# Visual Studio Version 17
VisualStudioVersion = 17.5.33424.131
MinimumVisualStudioVersion = 10.0.40219.1
Project("{FAE04EC0-301F-11D3-BF4B-00C04F79EFBC}") = "project1", "project1.csproj", "{3FC219B2-2370-4C70-B4A9-05BD467ADD58}"
EndProject
Project("{FAE04EC0-301F-11D3-BF4B-00C04F79EFBC}") = "project1Tests", "..\project1Tests\project1Tests.csproj", "{F31C310B-E0BB-4E47-B8DB-73E25D9ACA87}"
EndProject
Global
	GlobalSection(SolutionConfigurationPlatforms) = preSolution
		Debug|Any CPU = Debug|Any CPU
		Release|Any CPU = Release|Any CPU
	EndGlobalSection
	GlobalSection(ProjectConfigurationPlatforms) = postSolution
		{3FC219B2-2370-4C70-B4A9-05BD467ADD58}.Debug|Any CPU.ActiveCfg = Debug|Any CPU
		{3FC219B2-2370-4C70-B4A9-05BD467ADD58}.Debug|Any CPU.Build.0 = Debug|Any CPU
		{3FC219B2-2370-4C70-B4A9-05BD467ADD58}.Release|Any CPU.ActiveCfg = Release|Any CPU
		{3FC219B2-2370-4C70-B4A9-05BD467ADD58}.Release|Any CPU.Build.0 = Release|Any CPU
		{F31C310B-E0BB-4E47-B8DB-73E25D9ACA87}.Debug|Any CPU.ActiveCfg = Debug|Any CPU
		{F31C310B-E0BB-4E47-B8DB-73E25D9ACA87}.Debug|Any CPU.Build.0 = Debug|Any CPU
		{F31C310B-E0BB-4E47-B8DB-73E25D9ACA87}.Release|Any CPU.ActiveCfg = Release|Any CPU
		{F31C310B-E0BB-4E47-B8DB-73E25D9ACA87}.Release|Any CPU.Build.0 = Release|Any CPU
	EndGlobalSection
	GlobalSection(SolutionProperties) = preSolution
		HideSolutionNode = FALSE
	EndGlobalSection
	GlobalSection(ExtensibilityGlobals) = postSolution
		SolutionGuid = {C7C2ADAF-D09C-4FFA-B18A-313BC9A114AF}
	EndGlobalSection
EndGlobal
